
Microsoft Visual Studio Solution File, Format Version 12.00
# Visual Studio Version 17
VisualStudioVersion = 17.11.35222.181
MinimumVisualStudioVersion = 10.0.40219.1
Project("{FAE04EC0-301F-11D3-BF4B-00C04F79EFBC}") = "PokemonReviewAPI", "PokemonReviewAPI.csproj", "{3CC94949-0183-429A-B08B-4C27C605A03B}"
EndProject
Global
	GlobalSection(SolutionConfigurationPlatforms) = preSolution
		Debug|Any CPU = Debug|Any CPU
		Release|Any CPU = Release|Any CPU
	EndGlobalSection
	GlobalSection(ProjectConfigurationPlatforms) = postSolution
		{3CC94949-0183-429A-B08B-4C27C605A03B}.Debug|Any CPU.ActiveCfg = Debug|Any CPU
		{3CC94949-0183-429A-B08B-4C27C605A03B}.Debug|Any CPU.Build.0 = Debug|Any CPU
		{3CC94949-0183-429A-B08B-4C27C605A03B}.Release|Any CPU.ActiveCfg = Release|Any CPU
		{3CC94949-0183-429A-B08B-4C27C605A03B}.Release|Any CPU.Build.0 = Release|Any CPU
	EndGlobalSection
	GlobalSection(SolutionProperties) = preSolution
		HideSolutionNode = FALSE
	EndGlobalSection
	GlobalSection(ExtensibilityGlobals) = postSolution
		SolutionGuid = {62F4C74E-4398-4DD2-B8E4-37FAB0F7F44F}
	EndGlobalSection
EndGlobal
